
Microsoft Visual Studio Solution File, Format Version 12.00
Project("{FAE04EC0-301F-11D3-BF4B-00C04F79EFBC}") = "GraphQL.Demo.Api", "GraphQL.Demo.Api\GraphQL.Demo.Api.csproj", "{501810E4-BEC4-495E-AAB8-B7A4042E7FFF}"
EndProject
Global
	GlobalSection(SolutionConfigurationPlatforms) = preSolution
		Debug|Any CPU = Debug|Any CPU
		Release|Any CPU = Release|Any CPU
	EndGlobalSection
	GlobalSection(ProjectConfigurationPlatforms) = postSolution
		{501810E4-BEC4-495E-AAB8-B7A4042E7FFF}.Debug|Any CPU.ActiveCfg = Debug|Any CPU
		{501810E4-BEC4-495E-AAB8-B7A4042E7FFF}.Debug|Any CPU.Build.0 = Debug|Any CPU
		{501810E4-BEC4-495E-AAB8-B7A4042E7FFF}.Release|Any CPU.ActiveCfg = Release|Any CPU
		{501810E4-BEC4-495E-AAB8-B7A4042E7FFF}.Release|Any CPU.Build.0 = Release|Any CPU
	EndGlobalSection
EndGlobal
